// !$*UTF8*$!
{
	archiveVersion = 1;
	classes = {
	};
	objectVersion = 46;
	objects = {

/* Begin PBXBuildFile section */
		1F2846E81D17C8EC009652CC /* Student.m in Sources */ = {isa = PBXBuildFile; fileRef = 1F2846E71D17C8EC009652CC /* Student.m */; };
		1F2846EB1D17CB23009652CC /* NSObject+CXModel.m in Sources */ = {isa = PBXBuildFile; fileRef = 1F2846EA1D17CB23009652CC /* NSObject+CXModel.m */; };
		1F2846EF1D17D8C8009652CC /* CXProperty.m in Sources */ = {isa = PBXBuildFile; fileRef = 1F2846EE1D17D8C8009652CC /* CXProperty.m */; };
		1FBE43BE1D179F4E0073A3FB /* main.m in Sources */ = {isa = PBXBuildFile; fileRef = 1FBE43BD1D179F4E0073A3FB /* main.m */; };
		1FBE43C11D179F4E0073A3FB /* AppDelegate.m in Sources */ = {isa = PBXBuildFile; fileRef = 1FBE43C01D179F4E0073A3FB /* AppDelegate.m */; };
		1FBE43C41D179F4E0073A3FB /* ViewController.m in Sources */ = {isa = PBXBuildFile; fileRef = 1FBE43C31D179F4E0073A3FB /* ViewController.m */; };
		1FBE43C71D179F4E0073A3FB /* Main.storyboard in Resources */ = {isa = PBXBuildFile; fileRef = 1FBE43C51D179F4E0073A3FB /* Main.storyboard */; };
		1FBE43C91D179F4E0073A3FB /* Assets.xcassets in Resources */ = {isa = PBXBuildFile; fileRef = 1FBE43C81D179F4E0073A3FB /* Assets.xcassets */; };
		1FBE43CC1D179F4E0073A3FB /* LaunchScreen.storyboard in Resources */ = {isa = PBXBuildFile; fileRef = 1FBE43CA1D179F4E0073A3FB /* LaunchScreen.storyboard */; };
		1FBE43D71D179F4E0073A3FB /* CXModelExampleTests.m in Sources */ = {isa = PBXBuildFile; fileRef = 1FBE43D61D179F4E0073A3FB /* CXModelExampleTests.m */; };
		1FBE43E21D179F4E0073A3FB /* CXModelExampleUITests.m in Sources */ = {isa = PBXBuildFile; fileRef = 1FBE43E11D179F4E0073A3FB /* CXModelExampleUITests.m */; };
/* End PBXBuildFile section */

/* Begin PBXContainerItemProxy section */
		1FBE43D31D179F4E0073A3FB /* PBXContainerItemProxy */ = {
			isa = PBXContainerItemProxy;
			containerPortal = 1FBE43B11D179F4E0073A3FB /* Project object */;
			proxyType = 1;
			remoteGlobalIDString = 1FBE43B81D179F4E0073A3FB;
			remoteInfo = CXModelExample;
		};
		1FBE43DE1D179F4E0073A3FB /* PBXContainerItemProxy */ = {
			isa = PBXContainerItemProxy;
			containerPortal = 1FBE43B11D179F4E0073A3FB /* Project object */;
			proxyType = 1;
			remoteGlobalIDString = 1FBE43B81D179F4E0073A3FB;
			remoteInfo = CXModelExample;
		};
/* End PBXContainerItemProxy section */

/* Begin PBXFileReference section */
		1F2846E61D17C8EC009652CC /* Student.h */ = {isa = PBXFileReference; fileEncoding = 4; lastKnownFileType = sourcecode.c.h; path = Student.h; sourceTree = "<group>"; };
		1F2846E71D17C8EC009652CC /* Student.m */ = {isa = PBXFileReference; fileEncoding = 4; lastKnownFileType = sourcecode.c.objc; path = Student.m; sourceTree = "<group>"; };
		1F2846E91D17CB23009652CC /* NSObject+CXModel.h */ = {isa = PBXFileReference; fileEncoding = 4; lastKnownFileType = sourcecode.c.h; path = "NSObject+CXModel.h"; sourceTree = "<group>"; };
		1F2846EA1D17CB23009652CC /* NSObject+CXModel.m */ = {isa = PBXFileReference; fileEncoding = 4; lastKnownFileType = sourcecode.c.objc; path = "NSObject+CXModel.m"; sourceTree = "<group>"; };
		1F2846EC1D17CED7009652CC /* CXModel.h */ = {isa = PBXFileReference; lastKnownFileType = sourcecode.c.h; path = CXModel.h; sourceTree = "<group>"; };
		1F2846ED1D17D8C8009652CC /* CXProperty.h */ = {isa = PBXFileReference; fileEncoding = 4; lastKnownFileType = sourcecode.c.h; path = CXProperty.h; sourceTree = "<group>"; };
		1F2846EE1D17D8C8009652CC /* CXProperty.m */ = {isa = PBXFileReference; fileEncoding = 4; lastKnownFileType = sourcecode.c.objc; path = CXProperty.m; sourceTree = "<group>"; };
		1FBE43B91D179F4E0073A3FB /* CXModelExample.app */ = {isa = PBXFileReference; explicitFileType = wrapper.application; includeInIndex = 0; path = CXModelExample.app; sourceTree = BUILT_PRODUCTS_DIR; };
		1FBE43BD1D179F4E0073A3FB /* main.m */ = {isa = PBXFileReference; lastKnownFileType = sourcecode.c.objc; path = main.m; sourceTree = "<group>"; };
		1FBE43BF1D179F4E0073A3FB /* AppDelegate.h */ = {isa = PBXFileReference; lastKnownFileType = sourcecode.c.h; path = AppDelegate.h; sourceTree = "<group>"; };
		1FBE43C01D179F4E0073A3FB /* AppDelegate.m */ = {isa = PBXFileReference; lastKnownFileType = sourcecode.c.objc; path = AppDelegate.m; sourceTree = "<group>"; };
		1FBE43C21D179F4E0073A3FB /* ViewController.h */ = {isa = PBXFileReference; lastKnownFileType = sourcecode.c.h; path = ViewController.h; sourceTree = "<group>"; };
		1FBE43C31D179F4E0073A3FB /* ViewController.m */ = {isa = PBXFileReference; lastKnownFileType = sourcecode.c.objc; path = ViewController.m; sourceTree = "<group>"; };
		1FBE43C61D179F4E0073A3FB /* Base */ = {isa = PBXFileReference; lastKnownFileType = file.storyboard; name = Base; path = Base.lproj/Main.storyboard; sourceTree = "<group>"; };
		1FBE43C81D179F4E0073A3FB /* Assets.xcassets */ = {isa = PBXFileReference; lastKnownFileType = folder.assetcatalog; path = Assets.xcassets; sourceTree = "<group>"; };
		1FBE43CB1D179F4E0073A3FB /* Base */ = {isa = PBXFileReference; lastKnownFileType = file.storyboard; name = Base; path = Base.lproj/LaunchScreen.storyboard; sourceTree = "<group>"; };
		1FBE43CD1D179F4E0073A3FB /* Info.plist */ = {isa = PBXFileReference; lastKnownFileType = text.plist.xml; path = Info.plist; sourceTree = "<group>"; };
		1FBE43D21D179F4E0073A3FB /* CXModelExampleTests.xctest */ = {isa = PBXFileReference; explicitFileType = wrapper.cfbundle; includeInIndex = 0; path = CXModelExampleTests.xctest; sourceTree = BUILT_PRODUCTS_DIR; };
		1FBE43D61D179F4E0073A3FB /* CXModelExampleTests.m */ = {isa = PBXFileReference; lastKnownFileType = sourcecode.c.objc; path = CXModelExampleTests.m; sourceTree = "<group>"; };
		1FBE43D81D179F4E0073A3FB /* Info.plist */ = {isa = PBXFileReference; lastKnownFileType = text.plist.xml; path = Info.plist; sourceTree = "<group>"; };
		1FBE43DD1D179F4E0073A3FB /* CXModelExampleUITests.xctest */ = {isa = PBXFileReference; explicitFileType = wrapper.cfbundle; includeInIndex = 0; path = CXModelExampleUITests.xctest; sourceTree = BUILT_PRODUCTS_DIR; };
		1FBE43E11D179F4E0073A3FB /* CXModelExampleUITests.m */ = {isa = PBXFileReference; lastKnownFileType = sourcecode.c.objc; path = CXModelExampleUITests.m; sourceTree = "<group>"; };
		1FBE43E31D179F4E0073A3FB /* Info.plist */ = {isa = PBXFileReference; lastKnownFileType = text.plist.xml; path = Info.plist; sourceTree = "<group>"; };
/* End PBXFileReference section */

/* Begin PBXFrameworksBuildPhase section */
		1FBE43B61D179F4E0073A3FB /* Frameworks */ = {
			isa = PBXFrameworksBuildPhase;
			buildActionMask = 2147483647;
			files = (
			);
			runOnlyForDeploymentPostprocessing = 0;
		};
		1FBE43CF1D179F4E0073A3FB /* Frameworks */ = {
			isa = PBXFrameworksBuildPhase;
			buildActionMask = 2147483647;
			files = (
			);
			runOnlyForDeploymentPostprocessing = 0;
		};
		1FBE43DA1D179F4E0073A3FB /* Frameworks */ = {
			isa = PBXFrameworksBuildPhase;
			buildActionMask = 2147483647;
			files = (
			);
			runOnlyForDeploymentPostprocessing = 0;
		};
/* End PBXFrameworksBuildPhase section */

/* Begin PBXGroup section */
		1FBE43B01D179F4E0073A3FB = {
			isa = PBXGroup;
			children = (
				1FBE43BB1D179F4E0073A3FB /* CXModelExample */,
				1FBE43D51D179F4E0073A3FB /* CXModelExampleTests */,
				1FBE43E01D179F4E0073A3FB /* CXModelExampleUITests */,
				1FBE43BA1D179F4E0073A3FB /* Products */,
			);
			sourceTree = "<group>";
		};
		1FBE43BA1D179F4E0073A3FB /* Products */ = {
			isa = PBXGroup;
			children = (
				1FBE43B91D179F4E0073A3FB /* CXModelExample.app */,
				1FBE43D21D179F4E0073A3FB /* CXModelExampleTests.xctest */,
				1FBE43DD1D179F4E0073A3FB /* CXModelExampleUITests.xctest */,
			);
			name = Products;
			sourceTree = "<group>";
		};
		1FBE43BB1D179F4E0073A3FB /* CXModelExample */ = {
			isa = PBXGroup;
			children = (
				1FBE43EF1D179F5B0073A3FB /* CXModel */,
				1FBE43BF1D179F4E0073A3FB /* AppDelegate.h */,
				1FBE43C01D179F4E0073A3FB /* AppDelegate.m */,
				1FBE43C21D179F4E0073A3FB /* ViewController.h */,
				1FBE43C31D179F4E0073A3FB /* ViewController.m */,
				1FBE43C51D179F4E0073A3FB /* Main.storyboard */,
				1FBE43C81D179F4E0073A3FB /* Assets.xcassets */,
				1FBE43CA1D179F4E0073A3FB /* LaunchScreen.storyboard */,
				1FBE43CD1D179F4E0073A3FB /* Info.plist */,
				1FBE43BC1D179F4E0073A3FB /* Supporting Files */,
				1F2846E61D17C8EC009652CC /* Student.h */,
				1F2846E71D17C8EC009652CC /* Student.m */,
			);
			path = CXModelExample;
			sourceTree = "<group>";
		};
		1FBE43BC1D179F4E0073A3FB /* Supporting Files */ = {
			isa = PBXGroup;
			children = (
				1FBE43BD1D179F4E0073A3FB /* main.m */,
			);
			name = "Supporting Files";
			sourceTree = "<group>";
		};
		1FBE43D51D179F4E0073A3FB /* CXModelExampleTests */ = {
			isa = PBXGroup;
			children = (
				1FBE43D61D179F4E0073A3FB /* CXModelExampleTests.m */,
				1FBE43D81D179F4E0073A3FB /* Info.plist */,
			);
			path = CXModelExampleTests;
			sourceTree = "<group>";
		};
		1FBE43E01D179F4E0073A3FB /* CXModelExampleUITests */ = {
			isa = PBXGroup;
			children = (
				1FBE43E11D179F4E0073A3FB /* CXModelExampleUITests.m */,
				1FBE43E31D179F4E0073A3FB /* Info.plist */,
			);
			path = CXModelExampleUITests;
			sourceTree = "<group>";
		};
		1FBE43EF1D179F5B0073A3FB /* CXModel */ = {
			isa = PBXGroup;
			children = (
				1F2846E91D17CB23009652CC /* NSObject+CXModel.h */,
				1F2846EA1D17CB23009652CC /* NSObject+CXModel.m */,
				1F2846EC1D17CED7009652CC /* CXModel.h */,
				1F2846ED1D17D8C8009652CC /* CXProperty.h */,
				1F2846EE1D17D8C8009652CC /* CXProperty.m */,
			);
			name = CXModel;
			sourceTree = "<group>";
		};
/* End PBXGroup section */

/* Begin PBXNativeTarget section */
		1FBE43B81D179F4E0073A3FB /* CXModelExample */ = {
			isa = PBXNativeTarget;
			buildConfigurationList = 1FBE43E61D179F4E0073A3FB /* Build configuration list for PBXNativeTarget "CXModelExample" */;
			buildPhases = (
				1FBE43B51D179F4E0073A3FB /* Sources */,
				1FBE43B61D179F4E0073A3FB /* Frameworks */,
				1FBE43B71D179F4E0073A3FB /* Resources */,
			);
			buildRules = (
			);
			dependencies = (
			);
			name = CXModelExample;
			productName = CXModelExample;
			productReference = 1FBE43B91D179F4E0073A3FB /* CXModelExample.app */;
			productType = "com.apple.product-type.application";
		};
		1FBE43D11D179F4E0073A3FB /* CXModelExampleTests */ = {
			isa = PBXNativeTarget;
			buildConfigurationList = 1FBE43E91D179F4E0073A3FB /* Build configuration list for PBXNativeTarget "CXModelExampleTests" */;
			buildPhases = (
				1FBE43CE1D179F4E0073A3FB /* Sources */,
				1FBE43CF1D179F4E0073A3FB /* Frameworks */,
				1FBE43D01D179F4E0073A3FB /* Resources */,
			);
			buildRules = (
			);
			dependencies = (
				1FBE43D41D179F4E0073A3FB /* PBXTargetDependency */,
			);
			name = CXModelExampleTests;
			productName = CXModelExampleTests;
			productReference = 1FBE43D21D179F4E0073A3FB /* CXModelExampleTests.xctest */;
			productType = "com.apple.product-type.bundle.unit-test";
		};
		1FBE43DC1D179F4E0073A3FB /* CXModelExampleUITests */ = {
			isa = PBXNativeTarget;
			buildConfigurationList = 1FBE43EC1D179F4E0073A3FB /* Build configuration list for PBXNativeTarget "CXModelExampleUITests" */;
			buildPhases = (
				1FBE43D91D179F4E0073A3FB /* Sources */,
				1FBE43DA1D179F4E0073A3FB /* Frameworks */,
				1FBE43DB1D179F4E0073A3FB /* Resources */,
			);
			buildRules = (
			);
			dependencies = (
				1FBE43DF1D179F4E0073A3FB /* PBXTargetDependency */,
			);
			name = CXModelExampleUITests;
			productName = CXModelExampleUITests;
			productReference = 1FBE43DD1D179F4E0073A3FB /* CXModelExampleUITests.xctest */;
			productType = "com.apple.product-type.bundle.ui-testing";
		};
/* End PBXNativeTarget section */

/* Begin PBXProject section */
		1FBE43B11D179F4E0073A3FB /* Project object */ = {
			isa = PBXProject;
			attributes = {
				LastUpgradeCheck = 0730;
				ORGANIZATIONNAME = wcxdell;
				TargetAttributes = {
					1FBE43B81D179F4E0073A3FB = {
						CreatedOnToolsVersion = 7.3.1;
					};
					1FBE43D11D179F4E0073A3FB = {
						CreatedOnToolsVersion = 7.3.1;
						TestTargetID = 1FBE43B81D179F4E0073A3FB;
					};
					1FBE43DC1D179F4E0073A3FB = {
						CreatedOnToolsVersion = 7.3.1;
						TestTargetID = 1FBE43B81D179F4E0073A3FB;
					};
				};
			};
			buildConfigurationList = 1FBE43B41D179F4E0073A3FB /* Build configuration list for PBXProject "CXModelExample" */;
			compatibilityVersion = "Xcode 3.2";
			developmentRegion = English;
			hasScannedForEncodings = 0;
			knownRegions = (
				en,
				Base,
			);
			mainGroup = 1FBE43B01D179F4E0073A3FB;
			productRefGroup = 1FBE43BA1D179F4E0073A3FB /* Products */;
			projectDirPath = "";
			projectRoot = "";
			targets = (
				1FBE43B81D179F4E0073A3FB /* CXModelExample */,
				1FBE43D11D179F4E0073A3FB /* CXModelExampleTests */,
				1FBE43DC1D179F4E0073A3FB /* CXModelExampleUITests */,
			);
		};
/* End PBXProject section */

/* Begin PBXResourcesBuildPhase section */
		1FBE43B71D179F4E0073A3FB /* Resources */ = {
			isa = PBXResourcesBuildPhase;
			buildActionMask = 2147483647;
			files = (
				1FBE43CC1D179F4E0073A3FB /* LaunchScreen.storyboard in Resources */,
				1FBE43C91D179F4E0073A3FB /* Assets.xcassets in Resources */,
				1FBE43C71D179F4E0073A3FB /* Main.storyboard in Resources */,
			);
			runOnlyForDeploymentPostprocessing = 0;
		};
		1FBE43D01D179F4E0073A3FB /* Resources */ = {
			isa = PBXResourcesBuildPhase;
			buildActionMask = 2147483647;
			files = (
			);
			runOnlyForDeploymentPostprocessing = 0;
		};
		1FBE43DB1D179F4E0073A3FB /* Resources */ = {
			isa = PBXResourcesBuildPhase;
			buildActionMask = 2147483647;
			files = (
			);
			runOnlyForDeploymentPostprocessing = 0;
		};
/* End PBXResourcesBuildPhase section */

/* Begin PBXSourcesBuildPhase section */
		1FBE43B51D179F4E0073A3FB /* Sources */ = {
			isa = PBXSourcesBuildPhase;
			buildActionMask = 2147483647;
			files = (
				1FBE43C41D179F4E0073A3FB /* ViewController.m in Sources */,
				1FBE43C11D179F4E0073A3FB /* AppDelegate.m in Sources */,
				1FBE43BE1D179F4E0073A3FB /* main.m in Sources */,
				1F2846EF1D17D8C8009652CC /* CXProperty.m in Sources */,
				1F2846EB1D17CB23009652CC /* NSObject+CXModel.m in Sources */,
				1F2846E81D17C8EC009652CC /* Student.m in Sources */,
			);
			runOnlyForDeploymentPostprocessing = 0;
		};
		1FBE43CE1D179F4E0073A3FB /* Sources */ = {
			isa = PBXSourcesBuildPhase;
			buildActionMask = 2147483647;
			files = (
				1FBE43D71D179F4E0073A3FB /* CXModelExampleTests.m in Sources */,
			);
			runOnlyForDeploymentPostprocessing = 0;
		};
		1FBE43D91D179F4E0073A3FB /* Sources */ = {
			isa = PBXSourcesBuildPhase;
			buildActionMask = 2147483647;
			files = (
				1FBE43E21D179F4E0073A3FB /* CXModelExampleUITests.m in Sources */,
			);
			runOnlyForDeploymentPostprocessing = 0;
		};
/* End PBXSourcesBuildPhase section */

/* Begin PBXTargetDependency section */
		1FBE43D41D179F4E0073A3FB /* PBXTargetDependency */ = {
			isa = PBXTargetDependency;
			target = 1FBE43B81D179F4E0073A3FB /* CXModelExample */;
			targetProxy = 1FBE43D31D179F4E0073A3FB /* PBXContainerItemProxy */;
		};
		1FBE43DF1D179F4E0073A3FB /* PBXTargetDependency */ = {
			isa = PBXTargetDependency;
			target = 1FBE43B81D179F4E0073A3FB /* CXModelExample */;
			targetProxy = 1FBE43DE1D179F4E0073A3FB /* PBXContainerItemProxy */;
		};
/* End PBXTargetDependency section */

/* Begin PBXVariantGroup section */
		1FBE43C51D179F4E0073A3FB /* Main.storyboard */ = {
			isa = PBXVariantGroup;
			children = (
				1FBE43C61D179F4E0073A3FB /* Base */,
			);
			name = Main.storyboard;
			sourceTree = "<group>";
		};
		1FBE43CA1D179F4E0073A3FB /* LaunchScreen.storyboard */ = {
			isa = PBXVariantGroup;
			children = (
				1FBE43CB1D179F4E0073A3FB /* Base */,
			);
			name = LaunchScreen.storyboard;
			sourceTree = "<group>";
		};
/* End PBXVariantGroup section */

/* Begin XCBuildConfiguration section */
		1FBE43E41D179F4E0073A3FB /* Debug */ = {
			isa = XCBuildConfiguration;
			buildSettings = {
				ALWAYS_SEARCH_USER_PATHS = NO;
				CLANG_ANALYZER_NONNULL = YES;
				CLANG_CXX_LANGUAGE_STANDARD = "gnu++0x";
				CLANG_CXX_LIBRARY = "libc++";
				CLANG_ENABLE_MODULES = YES;
				CLANG_ENABLE_OBJC_ARC = YES;
				CLANG_WARN_BOOL_CONVERSION = YES;
				CLANG_WARN_CONSTANT_CONVERSION = YES;
				CLANG_WARN_DIRECT_OBJC_ISA_USAGE = YES_ERROR;
				CLANG_WARN_EMPTY_BODY = YES;
				CLANG_WARN_ENUM_CONVERSION = YES;
				CLANG_WARN_INT_CONVERSION = YES;
				CLANG_WARN_OBJC_ROOT_CLASS = YES_ERROR;
				CLANG_WARN_UNREACHABLE_CODE = YES;
				CLANG_WARN__DUPLICATE_METHOD_MATCH = YES;
				"CODE_SIGN_IDENTITY[sdk=iphoneos*]" = "iPhone Developer";
				COPY_PHASE_STRIP = NO;
				DEBUG_INFORMATION_FORMAT = dwarf;
				ENABLE_STRICT_OBJC_MSGSEND = YES;
				ENABLE_TESTABILITY = YES;
				GCC_C_LANGUAGE_STANDARD = gnu99;
				GCC_DYNAMIC_NO_PIC = NO;
				GCC_NO_COMMON_BLOCKS = YES;
				GCC_OPTIMIZATION_LEVEL = 0;
				GCC_PREPROCESSOR_DEFINITIONS = (
					"DEBUG=1",
					"$(inherited)",
				);
				GCC_WARN_64_TO_32_BIT_CONVERSION = YES;
				GCC_WARN_ABOUT_RETURN_TYPE = YES_ERROR;
				GCC_WARN_UNDECLARED_SELECTOR = YES;
				GCC_WARN_UNINITIALIZED_AUTOS = YES_AGGRESSIVE;
				GCC_WARN_UNUSED_FUNCTION = YES;
				GCC_WARN_UNUSED_VARIABLE = YES;
				IPHONEOS_DEPLOYMENT_TARGET = 9.3;
				MTL_ENABLE_DEBUG_INFO = YES;
				ONLY_ACTIVE_ARCH = YES;
				SDKROOT = iphoneos;
				TARGETED_DEVICE_FAMILY = "1,2";
			};
			name = Debug;
		};
		1FBE43E51D179F4E0073A3FB /* Release */ = {
			isa = XCBuildConfiguration;
			buildSettings = {
				ALWAYS_SEARCH_USER_PATHS = NO;
				CLANG_ANALYZER_NONNULL = YES;
				CLANG_CXX_LANGUAGE_STANDARD = "gnu++0x";
				CLANG_CXX_LIBRARY = "libc++";
				CLANG_ENABLE_MODULES = YES;
				CLANG_ENABLE_OBJC_ARC = YES;
				CLANG_WARN_BOOL_CONVERSION = YES;
				CLANG_WARN_CONSTANT_CONVERSION = YES;
				CLANG_WARN_DIRECT_OBJC_ISA_USAGE = YES_ERROR;
				CLANG_WARN_EMPTY_BODY = YES;
				CLANG_WARN_ENUM_CONVERSION = YES;
				CLANG_WARN_INT_CONVERSION = YES;
				CLANG_WARN_OBJC_ROOT_CLASS = YES_ERROR;
				CLANG_WARN_UNREACHABLE_CODE = YES;
				CLANG_WARN__DUPLICATE_METHOD_MATCH = YES;
				"CODE_SIGN_IDENTITY[sdk=iphoneos*]" = "iPhone Developer";
				COPY_PHASE_STRIP = NO;
				DEBUG_INFORMATION_FORMAT = "dwarf-with-dsym";
				ENABLE_NS_ASSERTIONS = NO;
				ENABLE_STRICT_OBJC_MSGSEND = YES;
				GCC_C_LANGUAGE_STANDARD = gnu99;
				GCC_NO_COMMON_BLOCKS = YES;
				GCC_WARN_64_TO_32_BIT_CONVERSION = YES;
				GCC_WARN_ABOUT_RETURN_TYPE = YES_ERROR;
				GCC_WARN_UNDECLARED_SELECTOR = YES;
				GCC_WARN_UNINITIALIZED_AUTOS = YES_AGGRESSIVE;
				GCC_WARN_UNUSED_FUNCTION = YES;
				GCC_WARN_UNUSED_VARIABLE = YES;
				IPHONEOS_DEPLOYMENT_TARGET = 9.3;
				MTL_ENABLE_DEBUG_INFO = NO;
				SDKROOT = iphoneos;
				TARGETED_DEVICE_FAMILY = "1,2";
				VALIDATE_PRODUCT = YES;
			};
			name = Release;
		};
		1FBE43E71D179F4E0073A3FB /* Debug */ = {
			isa = XCBuildConfiguration;
			buildSettings = {
				ASSETCATALOG_COMPILER_APPICON_NAME = AppIcon;
				CLANG_ENABLE_OBJC_WEAK = YES;
				INFOPLIST_FILE = CXModelExample/Info.plist;
				LD_RUNPATH_SEARCH_PATHS = "$(inherited) @executable_path/Frameworks";
				PRODUCT_BUNDLE_IDENTIFIER = CX.CXModelExample;
				PRODUCT_NAME = "$(TARGET_NAME)";
			};
			name = Debug;
		};
		1FBE43E81D179F4E0073A3FB /* Release */ = {
			isa = XCBuildConfiguration;
			buildSettings = {
				ASSETCATALOG_COMPILER_APPICON_NAME = AppIcon;
				CLANG_ENABLE_OBJC_WEAK = YES;
				INFOPLIST_FILE = CXModelExample/Info.plist;
				LD_RUNPATH_SEARCH_PATHS = "$(inherited) @executable_path/Frameworks";
				PRODUCT_BUNDLE_IDENTIFIER = CX.CXModelExample;
				PRODUCT_NAME = "$(TARGET_NAME)";
			};
			name = Release;
		};
		1FBE43EA1D179F4E0073A3FB /* Debug */ = {
			isa = XCBuildConfiguration;
			buildSettings = {
				BUNDLE_LOADER = "$(TEST_HOST)";
				INFOPLIST_FILE = CXModelExampleTests/Info.plist;
				LD_RUNPATH_SEARCH_PATHS = "$(inherited) @executable_path/Frameworks @loader_path/Frameworks";
				PRODUCT_BUNDLE_IDENTIFIER = CX.CXModelExampleTests;
				PRODUCT_NAME = "$(TARGET_NAME)";
				TEST_HOST = "$(BUILT_PRODUCTS_DIR)/CXModelExample.app/CXModelExample";
			};
			name = Debug;
		};
		1FBE43EB1D179F4E0073A3FB /* Release */ = {
			isa = XCBuildConfiguration;
			buildSettings = {
				BUNDLE_LOADER = "$(TEST_HOST)";
				INFOPLIST_FILE = CXModelExampleTests/Info.plist;
				LD_RUNPATH_SEARCH_PATHS = "$(inherited) @executable_path/Frameworks @loader_path/Frameworks";
				PRODUCT_BUNDLE_IDENTIFIER = CX.CXModelExampleTests;
				PRODUCT_NAME = "$(TARGET_NAME)";
				TEST_HOST = "$(BUILT_PRODUCTS_DIR)/CXModelExample.app/CXModelExample";
			};
			name = Release;
		};
		1FBE43ED1D179F4E0073A3FB /* Debug */ = {
			isa = XCBuildConfiguration;
			buildSettings = {
				INFOPLIST_FILE = CXModelExampleUITests/Info.plist;
				LD_RUNPATH_SEARCH_PATHS = "$(inherited) @executable_path/Frameworks @loader_path/Frameworks";
				PRODUCT_BUNDLE_IDENTIFIER = CX.CXModelExampleUITests;
				PRODUCT_NAME = "$(TARGET_NAME)";
				TEST_TARGET_NAME = CXModelExample;
			};
			name = Debug;
		};
		1FBE43EE1D179F4E0073A3FB /* Release */ = {
			isa = XCBuildConfiguration;
			buildSettings = {
				INFOPLIST_FILE = CXModelExampleUITests/Info.plist;
				LD_RUNPATH_SEARCH_PATHS = "$(inherited) @executable_path/Frameworks @loader_path/Frameworks";
				PRODUCT_BUNDLE_IDENTIFIER = CX.CXModelExampleUITests;
				PRODUCT_NAME = "$(TARGET_NAME)";
				TEST_TARGET_NAME = CXModelExample;
			};
			name = Release;
		};
/* End XCBuildConfiguration section */

/* Begin XCConfigurationList section */
		1FBE43B41D179F4E0073A3FB /* Build configuration list for PBXProject "CXModelExample" */ = {
			isa = XCConfigurationList;
			buildConfigurations = (
				1FBE43E41D179F4E0073A3FB /* Debug */,
				1FBE43E51D179F4E0073A3FB /* Release */,
			);
			defaultConfigurationIsVisible = 0;
			defaultConfigurationName = Release;
		};
		1FBE43E61D179F4E0073A3FB /* Build configuration list for PBXNativeTarget "CXModelExample" */ = {
			isa = XCConfigurationList;
			buildConfigurations = (
				1FBE43E71D179F4E0073A3FB /* Debug */,
				1FBE43E81D179F4E0073A3FB /* Release */,
			);
			defaultConfigurationIsVisible = 0;
			defaultConfigurationName = Release;
		};
		1FBE43E91D179F4E0073A3FB /* Build configuration list for PBXNativeTarget "CXModelExampleTests" */ = {
			isa = XCConfigurationList;
			buildConfigurations = (
				1FBE43EA1D179F4E0073A3FB /* Debug */,
				1FBE43EB1D179F4E0073A3FB /* Release */,
			);
			defaultConfigurationIsVisible = 0;
			defaultConfigurationName = Release;
		};
		1FBE43EC1D179F4E0073A3FB /* Build configuration list for PBXNativeTarget "CXModelExampleUITests" */ = {
			isa = XCConfigurationList;
			buildConfigurations = (
				1FBE43ED1D179F4E0073A3FB /* Debug */,
				1FBE43EE1D179F4E0073A3FB /* Release */,
			);
			defaultConfigurationIsVisible = 0;
			defaultConfigurationName = Release;
		};
/* End XCConfigurationList section */
	};
	rootObject = 1FBE43B11D179F4E0073A3FB /* Project object */;
}
